{
  "nodes": {
    "htaglib-src": {
      "flake": false,
      "locked": {
        "lastModified": 1760368132,
        "narHash": "sha256-FZk0OMK0hmbda6Hrn5XVJKNQyDLrhIE1GhnMw9FFXPY=",
        "owner": "jecaro",
        "repo": "htaglib",
        "rev": "13d5981afa57b52cda717e5f96028c27fa71da2a",
        "type": "github"
      },
      "original": {
        "owner": "jecaro",
        "ref": "add-property-api",
        "repo": "htaglib",
        "type": "github"
      }
    },
    "nixpkgs": {
      "locked": {
        "lastModified": 1780203844,
        "narHash": "sha256-K5sT4jTpGs15ADhviMKNBH38REpPf5Q6mM1+N6cArVE=",
        "owner": "nixos",
        "repo": "nixpkgs",
        "rev": "b51242d7d43689db2f3be91bd05d5b24fbb469c4",
        "type": "github"
      },
      "original": {
        "owner": "nixos",
        "ref": "nixos-26.05",
        "repo": "nixpkgs",
        "type": "github"
      }
    },
    "root": {
      "inputs": {
        "htaglib-src": "htaglib-src",
        "nixpkgs": "nixpkgs"
      }
    }
  },
  "root": "root",
  "version": 7
}
